<?xml version="1.0" encoding="utf-8"?>
<Project ToolsVersion="4.0" xmlns="http://schemas.microsoft.com/developer/msbuild/2003">
  <ItemGroup>
    <Filter Include="base_classes">
      <UniqueIdentifier>{5dcc1ac4-a878-47fc-9707-da0c9c6f2e57}</UniqueIdentifier>
    </Filter>
    <Filter Include="classes">
      <UniqueIdentifier>{26c6efb7-0473-4a40-9496-34e447614de1}</UniqueIdentifier>
    </Filter>
    <Filter Include="helper_classes">
      <UniqueIdentifier>{9c0cf2a0-525d-4360-a428-51990603c68b}</UniqueIdentifier>
    </Filter>
    <Filter Include="game_classes">
      <UniqueIdentifier>{7efd518e-404e-4048-a578-975b0628c754}</UniqueIdentifier>
    </Filter>
    <Filter Include="assets">
      <UniqueIdentifier>{b077dbc0-2952-40d8-ad17-3b6768d11a57}</UniqueIdentifier>
    </Filter>
    <Filter Include="assets\fonts">
      <UniqueIdentifier>{5e11370e-6a81-4041-b594-3abdd57002f1}</UniqueIdentifier>
    </Filter>
    <Filter Include="assets\libs">
      <UniqueIdentifier>{518e09a1-05d0-4401-9717-62c2dfab8cd4}</UniqueIdentifier>
    </Filter>
    <Filter Include="assets\maps">
      <UniqueIdentifier>{32029311-1f2f-44f0-a720-24d71645dc88}</UniqueIdentifier>
    </Filter>
    <Filter Include="assets\sprites">
      <UniqueIdentifier>{413122f6-4805-48d9-9dd0-13f1cde9be53}</UniqueIdentifier>
    </Filter>
    <Filter Include="assets\backgrounds">
      <UniqueIdentifier>{5f1cc890-9c11-461e-b802-b4dbcfa78d91}</UniqueIdentifier>
    </Filter>
    <Filter Include="states">
      <UniqueIdentifier>{d98e0c98-a9cb-41e6-9c7e-d18d494a60db}</UniqueIdentifier>
    </Filter>
  </ItemGroup>
  <ItemGroup>
    <ClInclude Include="base_classes\BaseGameState.h">
      <Filter>base_classes</Filter>
    </ClInclude>
    <ClInclude Include="base_classes\BaseObject.h">
      <Filter>base_classes</Filter>
    </ClInclude>
    <ClInclude Include="base_classes\BaseStaticObject.h">
      <Filter>base_classes</Filter>
    </ClInclude>
    <ClInclude Include="classes\GameEngine.h">
      <Filter>classes</Filter>
    </ClInclude>
    <ClInclude Include="classes\GameLog.h">
      <Filter>classes</Filter>
    </ClInclude>
    <ClInclude Include="classes\MenuItem.h">
      <Filter>classes</Filter>
    </ClInclude>
    <ClInclude Include="helper_classes\AudioHelper.h">
      <Filter>helper_classes</Filter>
    </ClInclude>
    <ClInclude Include="helper_classes\EventHelper.h">
      <Filter>helper_classes</Filter>
    </ClInclude>
    <ClInclude Include="helper_classes\RenderHelper.h">
      <Filter>helper_classes</Filter>
    </ClInclude>
    <ClInclude Include="helper_classes\SaveHelper.h">
      <Filter>helper_classes</Filter>
    </ClInclude>
    <ClInclude Include="game_classes\Monster.h">
      <Filter>game_classes</Filter>
    </ClInclude>
    <ClInclude Include="game_classes\Tower.h">
      <Filter>game_classes</Filter>
    </ClInclude>
    <ClInclude Include="Utils.h" />
    <ClInclude Include="states\InGame.h">
      <Filter>states</Filter>
    </ClInclude>
    <ClInclude Include="states\Intro.h">
      <Filter>states</Filter>
    </ClInclude>
    <ClInclude Include="states\LoadGame.h">
      <Filter>states</Filter>
    </ClInclude>
    <ClInclude Include="states\MainMenu.h">
      <Filter>states</Filter>
    </ClInclude>
    <ClInclude Include="states\Settings.h">
      <Filter>states</Filter>
    </ClInclude>
  </ItemGroup>
  <ItemGroup>
    <ClCompile Include="classes\GameEngine.cpp">
      <Filter>classes</Filter>
    </ClCompile>
    <ClCompile Include="classes\GameLog.cpp">
      <Filter>classes</Filter>
    </ClCompile>
    <ClCompile Include="classes\MenuItem.cpp">
      <Filter>classes</Filter>
    </ClCompile>
    <ClCompile Include="helper_classes\AudioHelper.cpp">
      <Filter>helper_classes</Filter>
    </ClCompile>
    <ClCompile Include="helper_classes\RenderHelper.cpp">
      <Filter>helper_classes</Filter>
    </ClCompile>
    <ClCompile Include="main.cpp" />
    <ClCompile Include="states\InGame.cpp">
      <Filter>states</Filter>
    </ClCompile>
    <ClCompile Include="states\Intro.cpp">
      <Filter>states</Filter>
    </ClCompile>
    <ClCompile Include="states\MainMenu.cpp">
      <Filter>states</Filter>
    </ClCompile>
    <ClCompile Include="states\Settings.cpp">
      <Filter>states</Filter>
    </ClCompile>
  </ItemGroup>
  <ItemGroup>
    <Image Include="assets\backgrounds\logo.jpg">
      <Filter>assets\backgrounds</Filter>
    </Image>
    <Image Include="assets\sprites\grass.png">
      <Filter>assets\sprites</Filter>
    </Image>
    <Image Include="assets\sprites\monster.gif">
      <Filter>assets\sprites</Filter>
    </Image>
    <Image Include="assets\sprites\tower.gif">
      <Filter>assets\sprites</Filter>
    </Image>
    <Image Include="assets\sprites\wall.png">
      <Filter>assets\sprites</Filter>
    </Image>
  </ItemGroup>
  <ItemGroup>
    <Font Include="assets\fonts\SourceSansPro-Regular.ttf">
      <Filter>assets\fonts</Filter>
    </Font>
  </ItemGroup>
  <ItemGroup>
    <None Include="assets\libs\libFLAC-8.dll">
      <Filter>assets\libs</Filter>
    </None>
    <None Include="assets\libs\libfreetype-6.dll">
      <Filter>assets\libs</Filter>
    </None>
    <None Include="assets\libs\libjpeg-9.dll">
      <Filter>assets\libs</Filter>
    </None>
    <None Include="assets\libs\libmikmod-2.dll">
      <Filter>assets\libs</Filter>
    </None>
    <None Include="assets\libs\libmodplug-1.dll">
      <Filter>assets\libs</Filter>
    </None>
    <None Include="assets\libs\libogg-0.dll">
      <Filter>assets\libs</Filter>
    </None>
    <None Include="assets\libs\libpng16-16.dll">
      <Filter>assets\libs</Filter>
    </None>
    <None Include="assets\libs\libtiff-5.dll">
      <Filter>assets\libs</Filter>
    </None>
    <None Include="assets\libs\libvorbis-0.dll">
      <Filter>assets\libs</Filter>
    </None>
    <None Include="assets\libs\libvorbisfile-3.dll">
      <Filter>assets\libs</Filter>
    </None>
    <None Include="assets\libs\libwebp-4.dll">
      <Filter>assets\libs</Filter>
    </None>
    <None Include="assets\libs\SDL2.dll">
      <Filter>assets\libs</Filter>
    </None>
    <None Include="assets\libs\SDL2_image.dll">
      <Filter>assets\libs</Filter>
    </None>
    <None Include="assets\libs\SDL2_mixer.dll">
      <Filter>assets\libs</Filter>
    </None>
    <None Include="assets\libs\SDL2_net.dll">
      <Filter>assets\libs</Filter>
    </None>
    <None Include="assets\libs\SDL2_ttf.dll">
      <Filter>assets\libs</Filter>
    </None>
    <None Include="assets\libs\smpeg2.dll">
      <Filter>assets\libs</Filter>
    </None>
    <None Include="assets\libs\zlib1.dll">
      <Filter>assets\libs</Filter>
    </None>
    <None Include="assets\maps\level_1.tmx">
      <Filter>assets\maps</Filter>
    </None>
  </ItemGroup>
</Project>